// !$*UTF8*$!
{
	archiveVersion = 1;
	classes = {
	};
	objectVersion = 51;
	objects = {

/* Begin PBXBuildFile section */
		1CFCEC61ACD42361EF49A542 /* Pods_LibraKitUITests.framework in Frameworks */ = {isa = PBXBuildFile; fileRef = 6EB65094F2EF96CE609372F5 /* Pods_LibraKitUITests.framework */; };
		363D911324CAEEAE00F6374C /* LibraCommon.swift in Sources */ = {isa = PBXBuildFile; fileRef = 363D90F524CAEEAD00F6374C /* LibraCommon.swift */; };
		363D911424CAEEAE00F6374C /* LibraTransactionModulePayload.swift in Sources */ = {isa = PBXBuildFile; fileRef = 363D90F824CAEEAD00F6374C /* LibraTransactionModulePayload.swift */; };
		363D911524CAEEAE00F6374C /* LibraTypeTag.swift in Sources */ = {isa = PBXBuildFile; fileRef = 363D90FA24CAEEAD00F6374C /* LibraTypeTag.swift */; };
		363D911624CAEEAE00F6374C /* LibraTransactionScriptPayload.swift in Sources */ = {isa = PBXBuildFile; fileRef = 363D90FB24CAEEAD00F6374C /* LibraTransactionScriptPayload.swift */; };
		363D911724CAEEAE00F6374C /* LibraTransactionArgument.swift in Sources */ = {isa = PBXBuildFile; fileRef = 363D90FC24CAEEAD00F6374C /* LibraTransactionArgument.swift */; };
		363D911824CAEEAE00F6374C /* LibraStructTag.swift in Sources */ = {isa = PBXBuildFile; fileRef = 363D90FD24CAEEAD00F6374C /* LibraStructTag.swift */; };
		363D911924CAEEAE00F6374C /* LibraTransactionWriteSetPayload.swift in Sources */ = {isa = PBXBuildFile; fileRef = 363D90FF24CAEEAD00F6374C /* LibraTransactionWriteSetPayload.swift */; };
		363D911A24CAEEAE00F6374C /* LibraWriteSet.swift in Sources */ = {isa = PBXBuildFile; fileRef = 363D910024CAEEAD00F6374C /* LibraWriteSet.swift */; };
		363D911B24CAEEAE00F6374C /* LibraAccessPath.swift in Sources */ = {isa = PBXBuildFile; fileRef = 363D910124CAEEAD00F6374C /* LibraAccessPath.swift */; };
		363D911C24CAEEAE00F6374C /* LibraContractEvent.swift in Sources */ = {isa = PBXBuildFile; fileRef = 363D910224CAEEAD00F6374C /* LibraContractEvent.swift */; };
		363D911D24CAEEAE00F6374C /* LibraRawTransaction.swift in Sources */ = {isa = PBXBuildFile; fileRef = 363D910324CAEEAD00F6374C /* LibraRawTransaction.swift */; };
		363D911E24CAEEAE00F6374C /* LibraTransactionPayload.swift in Sources */ = {isa = PBXBuildFile; fileRef = 363D910424CAEEAD00F6374C /* LibraTransactionPayload.swift */; };
		363D911F24CAEEAE00F6374C /* LibraHDPrivateKey.swift in Sources */ = {isa = PBXBuildFile; fileRef = 363D910624CAEEAD00F6374C /* LibraHDPrivateKey.swift */; };
		363D912024CAEEAE00F6374C /* LibraHDPublicKey.swift in Sources */ = {isa = PBXBuildFile; fileRef = 363D910724CAEEAD00F6374C /* LibraHDPublicKey.swift */; };
		363D912124CAEEAE00F6374C /* LibraHDWallet.swift in Sources */ = {isa = PBXBuildFile; fileRef = 363D910824CAEEAD00F6374C /* LibraHDWallet.swift */; };
		363D912224CAEEAE00F6374C /* LibraMultiPrivateKey.swift in Sources */ = {isa = PBXBuildFile; fileRef = 363D910A24CAEEAD00F6374C /* LibraMultiPrivateKey.swift */; };
		363D912324CAEEAE00F6374C /* LibraMultiPublicKey.swift in Sources */ = {isa = PBXBuildFile; fileRef = 363D910B24CAEEAD00F6374C /* LibraMultiPublicKey.swift */; };
		363D912424CAEEAE00F6374C /* LibraMultiHDWallet.swift in Sources */ = {isa = PBXBuildFile; fileRef = 363D910C24CAEEAD00F6374C /* LibraMultiHDWallet.swift */; };
		363D912524CAEEAE00F6374C /* LibraError.swift in Sources */ = {isa = PBXBuildFile; fileRef = 363D910D24CAEEAD00F6374C /* LibraError.swift */; };
		363D912624CAEEAE00F6374C /* LibraNetwork.swift in Sources */ = {isa = PBXBuildFile; fileRef = 363D910E24CAEEAE00F6374C /* LibraNetwork.swift */; };
		363D912724CAEEAE00F6374C /* LibraUtils.swift in Sources */ = {isa = PBXBuildFile; fileRef = 363D910F24CAEEAE00F6374C /* LibraUtils.swift */; };
		363D912824CAEEAE00F6374C /* LibraWordList.swift in Sources */ = {isa = PBXBuildFile; fileRef = 363D911024CAEEAE00F6374C /* LibraWordList.swift */; };
		363D912924CAEEAE00F6374C /* LibraContracts.bundle in Resources */ = {isa = PBXBuildFile; fileRef = 363D911124CAEEAE00F6374C /* LibraContracts.bundle */; };
		363D912A24CAEEAE00F6374C /* LibraMnemonic.swift in Sources */ = {isa = PBXBuildFile; fileRef = 363D911224CAEEAE00F6374C /* LibraMnemonic.swift */; };
		363D913324CAEF4300F6374C /* ed25519_fe.swift in Sources */ = {isa = PBXBuildFile; fileRef = 363D912D24CAEF4300F6374C /* ed25519_fe.swift */; };
		363D913424CAEF4300F6374C /* ed25519_verify.swift in Sources */ = {isa = PBXBuildFile; fileRef = 363D912E24CAEF4300F6374C /* ed25519_verify.swift */; };
		363D913524CAEF4300F6374C /* ed25519_sign.swift in Sources */ = {isa = PBXBuildFile; fileRef = 363D912F24CAEF4300F6374C /* ed25519_sign.swift */; };
		363D913624CAEF4300F6374C /* ed25519_ge.swift in Sources */ = {isa = PBXBuildFile; fileRef = 363D913024CAEF4300F6374C /* ed25519_ge.swift */; };
		363D913724CAEF4300F6374C /* ed25519_utility.swift in Sources */ = {isa = PBXBuildFile; fileRef = 363D913124CAEF4300F6374C /* ed25519_utility.swift */; };
		363D913824CAEF4300F6374C /* ed25519_sc.swift in Sources */ = {isa = PBXBuildFile; fileRef = 363D913224CAEF4300F6374C /* ed25519_sc.swift */; };
		366AFED22574F9800007AAFC /* LibraBech32.swift in Sources */ = {isa = PBXBuildFile; fileRef = 366AFED12574F9800007AAFC /* LibraBech32.swift */; };
		369D3CA42451CE4E00D7D10E /* LibraManager.swift in Sources */ = {isa = PBXBuildFile; fileRef = 369D3CA32451CE4E00D7D10E /* LibraManager.swift */; };
		605A023EFDF77356DF7171D8 /* Pods_LibraKitTests.framework in Frameworks */ = {isa = PBXBuildFile; fileRef = E9EFA901BEDF2FCCE5BD98EF /* Pods_LibraKitTests.framework */; };
		9D25F70F2338D01200C6D256 /* SwiftUIView.swift in Sources */ = {isa = PBXBuildFile; fileRef = 9D25F70E2338D01200C6D256 /* SwiftUIView.swift */; };
		9D96752B2333572800710B21 /* AppDelegate.swift in Sources */ = {isa = PBXBuildFile; fileRef = 9D96752A2333572800710B21 /* AppDelegate.swift */; };
		9D96752D2333572800710B21 /* ViewController.swift in Sources */ = {isa = PBXBuildFile; fileRef = 9D96752C2333572800710B21 /* ViewController.swift */; };
		9D9675302333572800710B21 /* Main.storyboard in Resources */ = {isa = PBXBuildFile; fileRef = 9D96752E2333572800710B21 /* Main.storyboard */; };
		9D9675322333572900710B21 /* Assets.xcassets in Resources */ = {isa = PBXBuildFile; fileRef = 9D9675312333572900710B21 /* Assets.xcassets */; };
		9D9675352333572900710B21 /* LaunchScreen.storyboard in Resources */ = {isa = PBXBuildFile; fileRef = 9D9675332333572900710B21 /* LaunchScreen.storyboard */; };
		9D9675402333572900710B21 /* LibraKitTests.swift in Sources */ = {isa = PBXBuildFile; fileRef = 9D96753F2333572900710B21 /* LibraKitTests.swift */; };
		9D96754B2333572900710B21 /* LibraKitUITests.swift in Sources */ = {isa = PBXBuildFile; fileRef = 9D96754A2333572900710B21 /* LibraKitUITests.swift */; };
		E3A3721F71255C792D11105C /* Pods_LibraKit.framework in Frameworks */ = {isa = PBXBuildFile; fileRef = 898CD7B3811632609E3A8D49 /* Pods_LibraKit.framework */; };
/* End PBXBuildFile section */

/* Begin PBXContainerItemProxy section */
		9D96753C2333572900710B21 /* PBXContainerItemProxy */ = {
			isa = PBXContainerItemProxy;
			containerPortal = 9D96751F2333572800710B21 /* Project object */;
			proxyType = 1;
			remoteGlobalIDString = 9D9675262333572800710B21;
			remoteInfo = LibraKit;
		};
		9D9675472333572900710B21 /* PBXContainerItemProxy */ = {
			isa = PBXContainerItemProxy;
			containerPortal = 9D96751F2333572800710B21 /* Project object */;
			proxyType = 1;
			remoteGlobalIDString = 9D9675262333572800710B21;
			remoteInfo = LibraKit;
		};
/* End PBXContainerItemProxy section */

/* Begin PBXFileReference section */
		363D90F524CAEEAD00F6374C /* LibraCommon.swift */ = {isa = PBXFileReference; fileEncoding = 4; lastKnownFileType = sourcecode.swift; path = LibraCommon.swift; sourceTree = "<group>"; };
		363D90F824CAEEAD00F6374C /* LibraTransactionModulePayload.swift */ = {isa = PBXFileReference; fileEncoding = 4; lastKnownFileType = sourcecode.swift; path = LibraTransactionModulePayload.swift; sourceTree = "<group>"; };
		363D90FA24CAEEAD00F6374C /* LibraTypeTag.swift */ = {isa = PBXFileReference; fileEncoding = 4; lastKnownFileType = sourcecode.swift; path = LibraTypeTag.swift; sourceTree = "<group>"; };
		363D90FB24CAEEAD00F6374C /* LibraTransactionScriptPayload.swift */ = {isa = PBXFileReference; fileEncoding = 4; lastKnownFileType = sourcecode.swift; path = LibraTransactionScriptPayload.swift; sourceTree = "<group>"; };
		363D90FC24CAEEAD00F6374C /* LibraTransactionArgument.swift */ = {isa = PBXFileReference; fileEncoding = 4; lastKnownFileType = sourcecode.swift; path = LibraTransactionArgument.swift; sourceTree = "<group>"; };
		363D90FD24CAEEAD00F6374C /* LibraStructTag.swift */ = {isa = PBXFileReference; fileEncoding = 4; lastKnownFileType = sourcecode.swift; path = LibraStructTag.swift; sourceTree = "<group>"; };
		363D90FF24CAEEAD00F6374C /* LibraTransactionWriteSetPayload.swift */ = {isa = PBXFileReference; fileEncoding = 4; lastKnownFileType = sourcecode.swift; path = LibraTransactionWriteSetPayload.swift; sourceTree = "<group>"; };
		363D910024CAEEAD00F6374C /* LibraWriteSet.swift */ = {isa = PBXFileReference; fileEncoding = 4; lastKnownFileType = sourcecode.swift; path = LibraWriteSet.swift; sourceTree = "<group>"; };
		363D910124CAEEAD00F6374C /* LibraAccessPath.swift */ = {isa = PBXFileReference; fileEncoding = 4; lastKnownFileType = sourcecode.swift; path = LibraAccessPath.swift; sourceTree = "<group>"; };
		363D910224CAEEAD00F6374C /* LibraContractEvent.swift */ = {isa = PBXFileReference; fileEncoding = 4; lastKnownFileType = sourcecode.swift; path = LibraContractEvent.swift; sourceTree = "<group>"; };
		363D910324CAEEAD00F6374C /* LibraRawTransaction.swift */ = {isa = PBXFileReference; fileEncoding = 4; lastKnownFileType = sourcecode.swift; path = LibraRawTransaction.swift; sourceTree = "<group>"; };
		363D910424CAEEAD00F6374C /* LibraTransactionPayload.swift */ = {isa = PBXFileReference; fileEncoding = 4; lastKnownFileType = sourcecode.swift; path = LibraTransactionPayload.swift; sourceTree = "<group>"; };
		363D910624CAEEAD00F6374C /* LibraHDPrivateKey.swift */ = {isa = PBXFileReference; fileEncoding = 4; lastKnownFileType = sourcecode.swift; path = LibraHDPrivateKey.swift; sourceTree = "<group>"; };
		363D910724CAEEAD00F6374C /* LibraHDPublicKey.swift */ = {isa = PBXFileReference; fileEncoding = 4; lastKnownFileType = sourcecode.swift; path = LibraHDPublicKey.swift; sourceTree = "<group>"; };
		363D910824CAEEAD00F6374C /* LibraHDWallet.swift */ = {isa = PBXFileReference; fileEncoding = 4; lastKnownFileType = sourcecode.swift; path = LibraHDWallet.swift; sourceTree = "<group>"; };
		363D910A24CAEEAD00F6374C /* LibraMultiPrivateKey.swift */ = {isa = PBXFileReference; fileEncoding = 4; lastKnownFileType = sourcecode.swift; path = LibraMultiPrivateKey.swift; sourceTree = "<group>"; };
		363D910B24CAEEAD00F6374C /* LibraMultiPublicKey.swift */ = {isa = PBXFileReference; fileEncoding = 4; lastKnownFileType = sourcecode.swift; path = LibraMultiPublicKey.swift; sourceTree = "<group>"; };
		363D910C24CAEEAD00F6374C /* LibraMultiHDWallet.swift */ = {isa = PBXFileReference; fileEncoding = 4; lastKnownFileType = sourcecode.swift; path = LibraMultiHDWallet.swift; sourceTree = "<group>"; };
		363D910D24CAEEAD00F6374C /* LibraError.swift */ = {isa = PBXFileReference; fileEncoding = 4; lastKnownFileType = sourcecode.swift; path = LibraError.swift; sourceTree = "<group>"; };
		363D910E24CAEEAE00F6374C /* LibraNetwork.swift */ = {isa = PBXFileReference; fileEncoding = 4; lastKnownFileType = sourcecode.swift; path = LibraNetwork.swift; sourceTree = "<group>"; };
		363D910F24CAEEAE00F6374C /* LibraUtils.swift */ = {isa = PBXFileReference; fileEncoding = 4; lastKnownFileType = sourcecode.swift; path = LibraUtils.swift; sourceTree = "<group>"; };
		363D911024CAEEAE00F6374C /* LibraWordList.swift */ = {isa = PBXFileReference; fileEncoding = 4; lastKnownFileType = sourcecode.swift; path = LibraWordList.swift; sourceTree = "<group>"; };
		363D911124CAEEAE00F6374C /* LibraContracts.bundle */ = {isa = PBXFileReference; lastKnownFileType = "wrapper.plug-in"; path = LibraContracts.bundle; sourceTree = "<group>"; };
		363D911224CAEEAE00F6374C /* LibraMnemonic.swift */ = {isa = PBXFileReference; fileEncoding = 4; lastKnownFileType = sourcecode.swift; path = LibraMnemonic.swift; sourceTree = "<group>"; };
		363D912D24CAEF4300F6374C /* ed25519_fe.swift */ = {isa = PBXFileReference; fileEncoding = 4; lastKnownFileType = sourcecode.swift; path = ed25519_fe.swift; sourceTree = "<group>"; };
		363D912E24CAEF4300F6374C /* ed25519_verify.swift */ = {isa = PBXFileReference; fileEncoding = 4; lastKnownFileType = sourcecode.swift; path = ed25519_verify.swift; sourceTree = "<group>"; };
		363D912F24CAEF4300F6374C /* ed25519_sign.swift */ = {isa = PBXFileReference; fileEncoding = 4; lastKnownFileType = sourcecode.swift; path = ed25519_sign.swift; sourceTree = "<group>"; };
		363D913024CAEF4300F6374C /* ed25519_ge.swift */ = {isa = PBXFileReference; fileEncoding = 4; lastKnownFileType = sourcecode.swift; path = ed25519_ge.swift; sourceTree = "<group>"; };
		363D913124CAEF4300F6374C /* ed25519_utility.swift */ = {isa = PBXFileReference; fileEncoding = 4; lastKnownFileType = sourcecode.swift; path = ed25519_utility.swift; sourceTree = "<group>"; };
		363D913224CAEF4300F6374C /* ed25519_sc.swift */ = {isa = PBXFileReference; fileEncoding = 4; lastKnownFileType = sourcecode.swift; path = ed25519_sc.swift; sourceTree = "<group>"; };
		366AFED12574F9800007AAFC /* LibraBech32.swift */ = {isa = PBXFileReference; fileEncoding = 4; lastKnownFileType = sourcecode.swift; path = LibraBech32.swift; sourceTree = "<group>"; };
		369D3CA32451CE4E00D7D10E /* LibraManager.swift */ = {isa = PBXFileReference; lastKnownFileType = sourcecode.swift; path = LibraManager.swift; sourceTree = "<group>"; };
		5E7F0A23CE5B043825A6AC7B /* Pods-LibraKit.release.xcconfig */ = {isa = PBXFileReference; includeInIndex = 1; lastKnownFileType = text.xcconfig; name = "Pods-LibraKit.release.xcconfig"; path = "Target Support Files/Pods-LibraKit/Pods-LibraKit.release.xcconfig"; sourceTree = "<group>"; };
		64E0ECC2393EE5D8944B3441 /* Pods-LibraKitUITests.debug.xcconfig */ = {isa = PBXFileReference; includeInIndex = 1; lastKnownFileType = text.xcconfig; name = "Pods-LibraKitUITests.debug.xcconfig"; path = "Target Support Files/Pods-LibraKitUITests/Pods-LibraKitUITests.debug.xcconfig"; sourceTree = "<group>"; };
		6EB65094F2EF96CE609372F5 /* Pods_LibraKitUITests.framework */ = {isa = PBXFileReference; explicitFileType = wrapper.framework; includeInIndex = 0; path = Pods_LibraKitUITests.framework; sourceTree = BUILT_PRODUCTS_DIR; };
		6F440EB88C0B6A4E6BB73459 /* Pods-LibraKitTests.release.xcconfig */ = {isa = PBXFileReference; includeInIndex = 1; lastKnownFileType = text.xcconfig; name = "Pods-LibraKitTests.release.xcconfig"; path = "Target Support Files/Pods-LibraKitTests/Pods-LibraKitTests.release.xcconfig"; sourceTree = "<group>"; };
		898CD7B3811632609E3A8D49 /* Pods_LibraKit.framework */ = {isa = PBXFileReference; explicitFileType = wrapper.framework; includeInIndex = 0; path = Pods_LibraKit.framework; sourceTree = BUILT_PRODUCTS_DIR; };
		8D1D3B3D4865B07C327E7293 /* Pods-LibraKitTests.debug.xcconfig */ = {isa = PBXFileReference; includeInIndex = 1; lastKnownFileType = text.xcconfig; name = "Pods-LibraKitTests.debug.xcconfig"; path = "Target Support Files/Pods-LibraKitTests/Pods-LibraKitTests.debug.xcconfig"; sourceTree = "<group>"; };
		9D25F70E2338D01200C6D256 /* SwiftUIView.swift */ = {isa = PBXFileReference; lastKnownFileType = sourcecode.swift; path = SwiftUIView.swift; sourceTree = "<group>"; };
		9D9675272333572800710B21 /* LibraKit.app */ = {isa = PBXFileReference; explicitFileType = wrapper.application; includeInIndex = 0; path = LibraKit.app; sourceTree = BUILT_PRODUCTS_DIR; };
		9D96752A2333572800710B21 /* AppDelegate.swift */ = {isa = PBXFileReference; lastKnownFileType = sourcecode.swift; path = AppDelegate.swift; sourceTree = "<group>"; };
		9D96752C2333572800710B21 /* ViewController.swift */ = {isa = PBXFileReference; lastKnownFileType = sourcecode.swift; path = ViewController.swift; sourceTree = "<group>"; };
		9D96752F2333572800710B21 /* Base */ = {isa = PBXFileReference; lastKnownFileType = file.storyboard; name = Base; path = Base.lproj/Main.storyboard; sourceTree = "<group>"; };
		9D9675312333572900710B21 /* Assets.xcassets */ = {isa = PBXFileReference; lastKnownFileType = folder.assetcatalog; path = Assets.xcassets; sourceTree = "<group>"; };
		9D9675342333572900710B21 /* Base */ = {isa = PBXFileReference; lastKnownFileType = file.storyboard; name = Base; path = Base.lproj/LaunchScreen.storyboard; sourceTree = "<group>"; };
		9D9675362333572900710B21 /* Info.plist */ = {isa = PBXFileReference; lastKnownFileType = text.plist.xml; path = Info.plist; sourceTree = "<group>"; };
		9D96753B2333572900710B21 /* LibraKitTests.xctest */ = {isa = PBXFileReference; explicitFileType = wrapper.cfbundle; includeInIndex = 0; path = LibraKitTests.xctest; sourceTree = BUILT_PRODUCTS_DIR; };
		9D96753F2333572900710B21 /* LibraKitTests.swift */ = {isa = PBXFileReference; lastKnownFileType = sourcecode.swift; path = LibraKitTests.swift; sourceTree = "<group>"; };
		9D9675412333572900710B21 /* Info.plist */ = {isa = PBXFileReference; lastKnownFileType = text.plist.xml; path = Info.plist; sourceTree = "<group>"; };
		9D9675462333572900710B21 /* LibraKitUITests.xctest */ = {isa = PBXFileReference; explicitFileType = wrapper.cfbundle; includeInIndex = 0; path = LibraKitUITests.xctest; sourceTree = BUILT_PRODUCTS_DIR; };
		9D96754A2333572900710B21 /* LibraKitUITests.swift */ = {isa = PBXFileReference; lastKnownFileType = sourcecode.swift; path = LibraKitUITests.swift; sourceTree = "<group>"; };
		9D96754C2333572900710B21 /* Info.plist */ = {isa = PBXFileReference; lastKnownFileType = text.plist.xml; path = Info.plist; sourceTree = "<group>"; };
		BFDBD5414DB64FD96553041C /* Pods-LibraKit.debug.xcconfig */ = {isa = PBXFileReference; includeInIndex = 1; lastKnownFileType = text.xcconfig; name = "Pods-LibraKit.debug.xcconfig"; path = "Target Support Files/Pods-LibraKit/Pods-LibraKit.debug.xcconfig"; sourceTree = "<group>"; };
		E16471C42CF8DBA8AB9C981B /* Pods-LibraKitUITests.release.xcconfig */ = {isa = PBXFileReference; includeInIndex = 1; lastKnownFileType = text.xcconfig; name = "Pods-LibraKitUITests.release.xcconfig"; path = "Target Support Files/Pods-LibraKitUITests/Pods-LibraKitUITests.release.xcconfig"; sourceTree = "<group>"; };
		E9EFA901BEDF2FCCE5BD98EF /* Pods_LibraKitTests.framework */ = {isa = PBXFileReference; explicitFileType = wrapper.framework; includeInIndex = 0; path = Pods_LibraKitTests.framework; sourceTree = BUILT_PRODUCTS_DIR; };
/* End PBXFileReference section */

/* Begin PBXFrameworksBuildPhase section */
		9D9675242333572800710B21 /* Frameworks */ = {
			isa = PBXFrameworksBuildPhase;
			buildActionMask = 2147483647;
			files = (
				E3A3721F71255C792D11105C /* Pods_LibraKit.framework in Frameworks */,
			);
			runOnlyForDeploymentPostprocessing = 0;
		};
		9D9675382333572900710B21 /* Frameworks */ = {
			isa = PBXFrameworksBuildPhase;
			buildActionMask = 2147483647;
			files = (
				605A023EFDF77356DF7171D8 /* Pods_LibraKitTests.framework in Frameworks */,
			);
			runOnlyForDeploymentPostprocessing = 0;
		};
		9D9675432333572900710B21 /* Frameworks */ = {
			isa = PBXFrameworksBuildPhase;
			buildActionMask = 2147483647;
			files = (
				1CFCEC61ACD42361EF49A542 /* Pods_LibraKitUITests.framework in Frameworks */,
			);
			runOnlyForDeploymentPostprocessing = 0;
		};
/* End PBXFrameworksBuildPhase section */

/* Begin PBXGroup section */
		363D90F624CAEEAD00F6374C /* MakeTransaction */ = {
			isa = PBXGroup;
			children = (
				363D910324CAEEAD00F6374C /* LibraRawTransaction.swift */,
				363D910424CAEEAD00F6374C /* LibraTransactionPayload.swift */,
				363D90F924CAEEAD00F6374C /* Script */,
				363D90FE24CAEEAD00F6374C /* WriteSet */,
				363D90F724CAEEAD00F6374C /* Module */,
			);
			path = MakeTransaction;
			sourceTree = "<group>";
		};
		363D90F724CAEEAD00F6374C /* Module */ = {
			isa = PBXGroup;
			children = (
				363D90F824CAEEAD00F6374C /* LibraTransactionModulePayload.swift */,
			);
			path = Module;
			sourceTree = "<group>";
		};
		363D90F924CAEEAD00F6374C /* Script */ = {
			isa = PBXGroup;
			children = (
				363D90FB24CAEEAD00F6374C /* LibraTransactionScriptPayload.swift */,
				363D90FC24CAEEAD00F6374C /* LibraTransactionArgument.swift */,
				363D90FA24CAEEAD00F6374C /* LibraTypeTag.swift */,
				363D90FD24CAEEAD00F6374C /* LibraStructTag.swift */,
			);
			path = Script;
			sourceTree = "<group>";
		};
		363D90FE24CAEEAD00F6374C /* WriteSet */ = {
			isa = PBXGroup;
			children = (
				363D90FF24CAEEAD00F6374C /* LibraTransactionWriteSetPayload.swift */,
				363D910024CAEEAD00F6374C /* LibraWriteSet.swift */,
				363D910124CAEEAD00F6374C /* LibraAccessPath.swift */,
				363D910224CAEEAD00F6374C /* LibraContractEvent.swift */,
			);
			path = WriteSet;
			sourceTree = "<group>";
		};
		363D910524CAEEAD00F6374C /* LibraHDWallet */ = {
			isa = PBXGroup;
			children = (
				363D910824CAEEAD00F6374C /* LibraHDWallet.swift */,
				363D910624CAEEAD00F6374C /* LibraHDPrivateKey.swift */,
				363D910724CAEEAD00F6374C /* LibraHDPublicKey.swift */,
			);
			path = LibraHDWallet;
			sourceTree = "<group>";
		};
		363D910924CAEEAD00F6374C /* LibraMultiHDWallet */ = {
			isa = PBXGroup;
			children = (
				363D910C24CAEEAD00F6374C /* LibraMultiHDWallet.swift */,
				363D910A24CAEEAD00F6374C /* LibraMultiPrivateKey.swift */,
				363D910B24CAEEAD00F6374C /* LibraMultiPublicKey.swift */,
			);
			path = LibraMultiHDWallet;
			sourceTree = "<group>";
		};
		363D912B24CAEF4300F6374C /* Vendors */ = {
			isa = PBXGroup;
			children = (
				363D912C24CAEF4300F6374C /* ED25519 */,
			);
			path = Vendors;
			sourceTree = "<group>";
		};
		363D912C24CAEF4300F6374C /* ED25519 */ = {
			isa = PBXGroup;
			children = (
				363D912D24CAEF4300F6374C /* ed25519_fe.swift */,
				363D912E24CAEF4300F6374C /* ed25519_verify.swift */,
				363D912F24CAEF4300F6374C /* ed25519_sign.swift */,
				363D913024CAEF4300F6374C /* ed25519_ge.swift */,
				363D913124CAEF4300F6374C /* ed25519_utility.swift */,
				363D913224CAEF4300F6374C /* ed25519_sc.swift */,
			);
			path = ED25519;
			sourceTree = "<group>";
		};
		36F42E8C2437C36D00DBBF8F /* LibraKit */ = {
			isa = PBXGroup;
			children = (
				363D910524CAEEAD00F6374C /* LibraHDWallet */,
				363D910924CAEEAD00F6374C /* LibraMultiHDWallet */,
				363D90F624CAEEAD00F6374C /* MakeTransaction */,
				363D90F524CAEEAD00F6374C /* LibraCommon.swift */,
				363D910D24CAEEAD00F6374C /* LibraError.swift */,
				363D911224CAEEAE00F6374C /* LibraMnemonic.swift */,
				363D910E24CAEEAE00F6374C /* LibraNetwork.swift */,
				363D910F24CAEEAE00F6374C /* LibraUtils.swift */,
				363D911024CAEEAE00F6374C /* LibraWordList.swift */,
				366AFED12574F9800007AAFC /* LibraBech32.swift */,
				363D911124CAEEAE00F6374C /* LibraContracts.bundle */,
			);
			path = LibraKit;
			sourceTree = "<group>";
		};
		5086504818D0C2F89B7FE900 /* Frameworks */ = {
			isa = PBXGroup;
			children = (
				898CD7B3811632609E3A8D49 /* Pods_LibraKit.framework */,
				E9EFA901BEDF2FCCE5BD98EF /* Pods_LibraKitTests.framework */,
				6EB65094F2EF96CE609372F5 /* Pods_LibraKitUITests.framework */,
			);
			name = Frameworks;
			sourceTree = "<group>";
		};
		63D98737A5B907772EB53A06 /* Pods */ = {
			isa = PBXGroup;
			children = (
				BFDBD5414DB64FD96553041C /* Pods-LibraKit.debug.xcconfig */,
				5E7F0A23CE5B043825A6AC7B /* Pods-LibraKit.release.xcconfig */,
				8D1D3B3D4865B07C327E7293 /* Pods-LibraKitTests.debug.xcconfig */,
				6F440EB88C0B6A4E6BB73459 /* Pods-LibraKitTests.release.xcconfig */,
				64E0ECC2393EE5D8944B3441 /* Pods-LibraKitUITests.debug.xcconfig */,
				E16471C42CF8DBA8AB9C981B /* Pods-LibraKitUITests.release.xcconfig */,
			);
			path = Pods;
			sourceTree = "<group>";
		};
		9D96751E2333572800710B21 = {
			isa = PBXGroup;
			children = (
				9D9675292333572800710B21 /* LibraKit */,
				9D96753E2333572900710B21 /* LibraKitTests */,
				9D9675492333572900710B21 /* LibraKitUITests */,
				9D9675282333572800710B21 /* Products */,
				63D98737A5B907772EB53A06 /* Pods */,
				5086504818D0C2F89B7FE900 /* Frameworks */,
			);
			sourceTree = "<group>";
		};
		9D9675282333572800710B21 /* Products */ = {
			isa = PBXGroup;
			children = (
				9D9675272333572800710B21 /* LibraKit.app */,
				9D96753B2333572900710B21 /* LibraKitTests.xctest */,
				9D9675462333572900710B21 /* LibraKitUITests.xctest */,
			);
			name = Products;
			sourceTree = "<group>";
		};
		9D9675292333572800710B21 /* LibraKit */ = {
			isa = PBXGroup;
			children = (
				363D912B24CAEF4300F6374C /* Vendors */,
				36F42E8C2437C36D00DBBF8F /* LibraKit */,
				9D96752A2333572800710B21 /* AppDelegate.swift */,
				9D96752C2333572800710B21 /* ViewController.swift */,
				9D25F70E2338D01200C6D256 /* SwiftUIView.swift */,
				369D3CA32451CE4E00D7D10E /* LibraManager.swift */,
				9D96752E2333572800710B21 /* Main.storyboard */,
				9D9675312333572900710B21 /* Assets.xcassets */,
				9D9675332333572900710B21 /* LaunchScreen.storyboard */,
				9D9675362333572900710B21 /* Info.plist */,
			);
			path = LibraKit;
			sourceTree = "<group>";
		};
		9D96753E2333572900710B21 /* LibraKitTests */ = {
			isa = PBXGroup;
			children = (
				9D96753F2333572900710B21 /* LibraKitTests.swift */,
				9D9675412333572900710B21 /* Info.plist */,
			);
			path = LibraKitTests;
			sourceTree = "<group>";
		};
		9D9675492333572900710B21 /* LibraKitUITests */ = {
			isa = PBXGroup;
			children = (
				9D96754A2333572900710B21 /* LibraKitUITests.swift */,
				9D96754C2333572900710B21 /* Info.plist */,
			);
			path = LibraKitUITests;
			sourceTree = "<group>";
		};
/* End PBXGroup section */

/* Begin PBXNativeTarget section */
		9D9675262333572800710B21 /* LibraKit */ = {
			isa = PBXNativeTarget;
			buildConfigurationList = 9D96754F2333572900710B21 /* Build configuration list for PBXNativeTarget "LibraKit" */;
			buildPhases = (
				99FDEA26D56996594D16A6AA /* [CP] Check Pods Manifest.lock */,
				9D9675232333572800710B21 /* Sources */,
				9D9675242333572800710B21 /* Frameworks */,
				9D9675252333572800710B21 /* Resources */,
				A3CDC465C4F7312E947B0104 /* [CP] Embed Pods Frameworks */,
			);
			buildRules = (
			);
			dependencies = (
			);
			name = LibraKit;
			productName = LibraKit;
			productReference = 9D9675272333572800710B21 /* LibraKit.app */;
			productType = "com.apple.product-type.application";
		};
		9D96753A2333572900710B21 /* LibraKitTests */ = {
			isa = PBXNativeTarget;
			buildConfigurationList = 9D9675522333572900710B21 /* Build configuration list for PBXNativeTarget "LibraKitTests" */;
			buildPhases = (
				22DEFBEBEFF54360971185E4 /* [CP] Check Pods Manifest.lock */,
				9D9675372333572900710B21 /* Sources */,
				9D9675382333572900710B21 /* Frameworks */,
				9D9675392333572900710B21 /* Resources */,
			);
			buildRules = (
			);
			dependencies = (
				9D96753D2333572900710B21 /* PBXTargetDependency */,
			);
			name = LibraKitTests;
			productName = LibraKitTests;
			productReference = 9D96753B2333572900710B21 /* LibraKitTests.xctest */;
			productType = "com.apple.product-type.bundle.unit-test";
		};
		9D9675452333572900710B21 /* LibraKitUITests */ = {
			isa = PBXNativeTarget;
			buildConfigurationList = 9D9675552333572900710B21 /* Build configuration list for PBXNativeTarget "LibraKitUITests" */;
			buildPhases = (
				1E30964F74C38561AE86254A /* [CP] Check Pods Manifest.lock */,
				9D9675422333572900710B21 /* Sources */,
				9D9675432333572900710B21 /* Frameworks */,
				9D9675442333572900710B21 /* Resources */,
			);
			buildRules = (
			);
			dependencies = (
				9D9675482333572900710B21 /* PBXTargetDependency */,
			);
			name = LibraKitUITests;
			productName = LibraKitUITests;
			productReference = 9D9675462333572900710B21 /* LibraKitUITests.xctest */;
			productType = "com.apple.product-type.bundle.ui-testing";
		};
/* End PBXNativeTarget section */

/* Begin PBXProject section */
		9D96751F2333572800710B21 /* Project object */ = {
			isa = PBXProject;
			attributes = {
				LastSwiftUpdateCheck = 1030;
				LastUpgradeCheck = 1030;
				ORGANIZATIONNAME = palliums;
				TargetAttributes = {
					9D9675262333572800710B21 = {
						CreatedOnToolsVersion = 10.3;
					};
					9D96753A2333572900710B21 = {
						CreatedOnToolsVersion = 10.3;
						TestTargetID = 9D9675262333572800710B21;
					};
					9D9675452333572900710B21 = {
						CreatedOnToolsVersion = 10.3;
						TestTargetID = 9D9675262333572800710B21;
					};
				};
			};
			buildConfigurationList = 9D9675222333572800710B21 /* Build configuration list for PBXProject "LibraKit" */;
			compatibilityVersion = "Xcode 9.3";
			developmentRegion = en;
			hasScannedForEncodings = 0;
			knownRegions = (
				en,
				Base,
			);
			mainGroup = 9D96751E2333572800710B21;
			productRefGroup = 9D9675282333572800710B21 /* Products */;
			projectDirPath = "";
			projectRoot = "";
			targets = (
				9D9675262333572800710B21 /* LibraKit */,
				9D96753A2333572900710B21 /* LibraKitTests */,
				9D9675452333572900710B21 /* LibraKitUITests */,
			);
		};
/* End PBXProject section */

/* Begin PBXResourcesBuildPhase section */
		9D9675252333572800710B21 /* Resources */ = {
			isa = PBXResourcesBuildPhase;
			buildActionMask = 2147483647;
			files = (
				363D912924CAEEAE00F6374C /* LibraContracts.bundle in Resources */,
				9D9675352333572900710B21 /* LaunchScreen.storyboard in Resources */,
				9D9675322333572900710B21 /* Assets.xcassets in Resources */,
				9D9675302333572800710B21 /* Main.storyboard in Resources */,
			);
			runOnlyForDeploymentPostprocessing = 0;
		};
		9D9675392333572900710B21 /* Resources */ = {
			isa = PBXResourcesBuildPhase;
			buildActionMask = 2147483647;
			files = (
			);
			runOnlyForDeploymentPostprocessing = 0;
		};
		9D9675442333572900710B21 /* Resources */ = {
			isa = PBXResourcesBuildPhase;
			buildActionMask = 2147483647;
			files = (
			);
			runOnlyForDeploymentPostprocessing = 0;
		};
/* End PBXResourcesBuildPhase section */

/* Begin PBXShellScriptBuildPhase section */
		1E30964F74C38561AE86254A /* [CP] Check Pods Manifest.lock */ = {
			isa = PBXShellScriptBuildPhase;
			buildActionMask = 2147483647;
			files = (
			);
			inputFileListPaths = (
			);
			inputPaths = (
				"${PODS_PODFILE_DIR_PATH}/Podfile.lock",
				"${PODS_ROOT}/Manifest.lock",
			);
			name = "[CP] Check Pods Manifest.lock";
			outputFileListPaths = (
			);
			outputPaths = (
				"$(DERIVED_FILE_DIR)/Pods-LibraKitUITests-checkManifestLockResult.txt",
			);
			runOnlyForDeploymentPostprocessing = 0;
			shellPath = /bin/sh;
			shellScript = "diff \"${PODS_PODFILE_DIR_PATH}/Podfile.lock\" \"${PODS_ROOT}/Manifest.lock\" > /dev/null\nif [ $? != 0 ] ; then\n    # print error to STDERR\n    echo \"error: The sandbox is not in sync with the Podfile.lock. Run 'pod install' or update your CocoaPods installation.\" >&2\n    exit 1\nfi\n# This output is used by Xcode 'outputs' to avoid re-running this script phase.\necho \"SUCCESS\" > \"${SCRIPT_OUTPUT_FILE_0}\"\n";
			showEnvVarsInLog = 0;
		};
		22DEFBEBEFF54360971185E4 /* [CP] Check Pods Manifest.lock */ = {
			isa = PBXShellScriptBuildPhase;
			buildActionMask = 2147483647;
			files = (
			);
			inputFileListPaths = (
			);
			inputPaths = (
				"${PODS_PODFILE_DIR_PATH}/Podfile.lock",
				"${PODS_ROOT}/Manifest.lock",
			);
			name = "[CP] Check Pods Manifest.lock";
			outputFileListPaths = (
			);
			outputPaths = (
				"$(DERIVED_FILE_DIR)/Pods-LibraKitTests-checkManifestLockResult.txt",
			);
			runOnlyForDeploymentPostprocessing = 0;
			shellPath = /bin/sh;
			shellScript = "diff \"${PODS_PODFILE_DIR_PATH}/Podfile.lock\" \"${PODS_ROOT}/Manifest.lock\" > /dev/null\nif [ $? != 0 ] ; then\n    # print error to STDERR\n    echo \"error: The sandbox is not in sync with the Podfile.lock. Run 'pod install' or update your CocoaPods installation.\" >&2\n    exit 1\nfi\n# This output is used by Xcode 'outputs' to avoid re-running this script phase.\necho \"SUCCESS\" > \"${SCRIPT_OUTPUT_FILE_0}\"\n";
			showEnvVarsInLog = 0;
		};
		99FDEA26D56996594D16A6AA /* [CP] Check Pods Manifest.lock */ = {
			isa = PBXShellScriptBuildPhase;
			buildActionMask = 2147483647;
			files = (
			);
			inputFileListPaths = (
			);
			inputPaths = (
				"${PODS_PODFILE_DIR_PATH}/Podfile.lock",
				"${PODS_ROOT}/Manifest.lock",
			);
			name = "[CP] Check Pods Manifest.lock";
			outputFileListPaths = (
			);
			outputPaths = (
				"$(DERIVED_FILE_DIR)/Pods-LibraKit-checkManifestLockResult.txt",
			);
			runOnlyForDeploymentPostprocessing = 0;
			shellPath = /bin/sh;
			shellScript = "diff \"${PODS_PODFILE_DIR_PATH}/Podfile.lock\" \"${PODS_ROOT}/Manifest.lock\" > /dev/null\nif [ $? != 0 ] ; then\n    # print error to STDERR\n    echo \"error: The sandbox is not in sync with the Podfile.lock. Run 'pod install' or update your CocoaPods installation.\" >&2\n    exit 1\nfi\n# This output is used by Xcode 'outputs' to avoid re-running this script phase.\necho \"SUCCESS\" > \"${SCRIPT_OUTPUT_FILE_0}\"\n";
			showEnvVarsInLog = 0;
		};
		A3CDC465C4F7312E947B0104 /* [CP] Embed Pods Frameworks */ = {
			isa = PBXShellScriptBuildPhase;
			buildActionMask = 2147483647;
			files = (
			);
			inputFileListPaths = (
				"${PODS_ROOT}/Target Support Files/Pods-LibraKit/Pods-LibraKit-frameworks-${CONFIGURATION}-input-files.xcfilelist",
			);
			name = "[CP] Embed Pods Frameworks";
			outputFileListPaths = (
				"${PODS_ROOT}/Target Support Files/Pods-LibraKit/Pods-LibraKit-frameworks-${CONFIGURATION}-output-files.xcfilelist",
			);
			runOnlyForDeploymentPostprocessing = 0;
			shellPath = /bin/sh;
			shellScript = "\"${PODS_ROOT}/Target Support Files/Pods-LibraKit/Pods-LibraKit-frameworks.sh\"\n";
			showEnvVarsInLog = 0;
		};
/* End PBXShellScriptBuildPhase section */

/* Begin PBXSourcesBuildPhase section */
		9D9675232333572800710B21 /* Sources */ = {
			isa = PBXSourcesBuildPhase;
			buildActionMask = 2147483647;
			files = (
				363D913524CAEF4300F6374C /* ed25519_sign.swift in Sources */,
				363D912A24CAEEAE00F6374C /* LibraMnemonic.swift in Sources */,
				363D912324CAEEAE00F6374C /* LibraMultiPublicKey.swift in Sources */,
				363D912624CAEEAE00F6374C /* LibraNetwork.swift in Sources */,
				369D3CA42451CE4E00D7D10E /* LibraManager.swift in Sources */,
				363D911724CAEEAE00F6374C /* LibraTransactionArgument.swift in Sources */,
				363D912424CAEEAE00F6374C /* LibraMultiHDWallet.swift in Sources */,
				363D911F24CAEEAE00F6374C /* LibraHDPrivateKey.swift in Sources */,
				363D912824CAEEAE00F6374C /* LibraWordList.swift in Sources */,
				363D912724CAEEAE00F6374C /* LibraUtils.swift in Sources */,
				363D911E24CAEEAE00F6374C /* LibraTransactionPayload.swift in Sources */,
				363D911824CAEEAE00F6374C /* LibraStructTag.swift in Sources */,
				9D96752D2333572800710B21 /* ViewController.swift in Sources */,
				363D913324CAEF4300F6374C /* ed25519_fe.swift in Sources */,
				363D913424CAEF4300F6374C /* ed25519_verify.swift in Sources */,
				363D911B24CAEEAE00F6374C /* LibraAccessPath.swift in Sources */,
				363D912024CAEEAE00F6374C /* LibraHDPublicKey.swift in Sources */,
				366AFED22574F9800007AAFC /* LibraBech32.swift in Sources */,
				363D911C24CAEEAE00F6374C /* LibraContractEvent.swift in Sources */,
				363D913724CAEF4300F6374C /* ed25519_utility.swift in Sources */,
				363D911524CAEEAE00F6374C /* LibraTypeTag.swift in Sources */,
				363D911424CAEEAE00F6374C /* LibraTransactionModulePayload.swift in Sources */,
				363D911324CAEEAE00F6374C /* LibraCommon.swift in Sources */,
				363D913824CAEF4300F6374C /* ed25519_sc.swift in Sources */,
				363D913624CAEF4300F6374C /* ed25519_ge.swift in Sources */,
				363D911624CAEEAE00F6374C /* LibraTransactionScriptPayload.swift in Sources */,
				363D911924CAEEAE00F6374C /* LibraTransactionWriteSetPayload.swift in Sources */,
				363D912224CAEEAE00F6374C /* LibraMultiPrivateKey.swift in Sources */,
				9D96752B2333572800710B21 /* AppDelegate.swift in Sources */,
				363D912124CAEEAE00F6374C /* LibraHDWallet.swift in Sources */,
				363D912524CAEEAE00F6374C /* LibraError.swift in Sources */,
				363D911D24CAEEAE00F6374C /* LibraRawTransaction.swift in Sources */,
				9D25F70F2338D01200C6D256 /* SwiftUIView.swift in Sources */,
				363D911A24CAEEAE00F6374C /* LibraWriteSet.swift in Sources */,
			);
			runOnlyForDeploymentPostprocessing = 0;
		};
		9D9675372333572900710B21 /* Sources */ = {
			isa = PBXSourcesBuildPhase;
			buildActionMask = 2147483647;
			files = (
				9D9675402333572900710B21 /* LibraKitTests.swift in Sources */,
			);
			runOnlyForDeploymentPostprocessing = 0;
		};
		9D9675422333572900710B21 /* Sources */ = {
			isa = PBXSourcesBuildPhase;
			buildActionMask = 2147483647;
			files = (
				9D96754B2333572900710B21 /* LibraKitUITests.swift in Sources */,
			);
			runOnlyForDeploymentPostprocessing = 0;
		};
/* End PBXSourcesBuildPhase section */

/* Begin PBXTargetDependency section */
		9D96753D2333572900710B21 /* PBXTargetDependency */ = {
			isa = PBXTargetDependency;
			target = 9D9675262333572800710B21 /* LibraKit */;
			targetProxy = 9D96753C2333572900710B21 /* PBXContainerItemProxy */;
		};
		9D9675482333572900710B21 /* PBXTargetDependency */ = {
			isa = PBXTargetDependency;
			target = 9D9675262333572800710B21 /* LibraKit */;
			targetProxy = 9D9675472333572900710B21 /* PBXContainerItemProxy */;
		};
/* End PBXTargetDependency section */

/* Begin PBXVariantGroup section */
		9D96752E2333572800710B21 /* Main.storyboard */ = {
			isa = PBXVariantGroup;
			children = (
				9D96752F2333572800710B21 /* Base */,
			);
			name = Main.storyboard;
			sourceTree = "<group>";
		};
		9D9675332333572900710B21 /* LaunchScreen.storyboard */ = {
			isa = PBXVariantGroup;
			children = (
				9D9675342333572900710B21 /* Base */,
			);
			name = LaunchScreen.storyboard;
			sourceTree = "<group>";
		};
/* End PBXVariantGroup section */

/* Begin XCBuildConfiguration section */
		9D96754D2333572900710B21 /* Debug */ = {
			isa = XCBuildConfiguration;
			buildSettings = {
				ALWAYS_SEARCH_USER_PATHS = NO;
				CLANG_ANALYZER_NONNULL = YES;
				CLANG_ANALYZER_NUMBER_OBJECT_CONVERSION = YES_AGGRESSIVE;
				CLANG_CXX_LANGUAGE_STANDARD = "gnu++14";
				CLANG_CXX_LIBRARY = "libc++";
				CLANG_ENABLE_MODULES = YES;
				CLANG_ENABLE_OBJC_ARC = YES;
				CLANG_ENABLE_OBJC_WEAK = YES;
				CLANG_WARN_BLOCK_CAPTURE_AUTORELEASING = YES;
				CLANG_WARN_BOOL_CONVERSION = YES;
				CLANG_WARN_COMMA = YES;
				CLANG_WARN_CONSTANT_CONVERSION = YES;
				CLANG_WARN_DEPRECATED_OBJC_IMPLEMENTATIONS = YES;
				CLANG_WARN_DIRECT_OBJC_ISA_USAGE = YES_ERROR;
				CLANG_WARN_DOCUMENTATION_COMMENTS = YES;
				CLANG_WARN_EMPTY_BODY = YES;
				CLANG_WARN_ENUM_CONVERSION = YES;
				CLANG_WARN_INFINITE_RECURSION = YES;
				CLANG_WARN_INT_CONVERSION = YES;
				CLANG_WARN_NON_LITERAL_NULL_CONVERSION = YES;
				CLANG_WARN_OBJC_IMPLICIT_RETAIN_SELF = YES;
				CLANG_WARN_OBJC_LITERAL_CONVERSION = YES;
				CLANG_WARN_OBJC_ROOT_CLASS = YES_ERROR;
				CLANG_WARN_RANGE_LOOP_ANALYSIS = YES;
				CLANG_WARN_STRICT_PROTOTYPES = YES;
				CLANG_WARN_SUSPICIOUS_MOVE = YES;
				CLANG_WARN_UNGUARDED_AVAILABILITY = YES_AGGRESSIVE;
				CLANG_WARN_UNREACHABLE_CODE = YES;
				CLANG_WARN__DUPLICATE_METHOD_MATCH = YES;
				CODE_SIGN_IDENTITY = "iPhone Developer";
				COPY_PHASE_STRIP = NO;
				DEBUG_INFORMATION_FORMAT = dwarf;
				ENABLE_STRICT_OBJC_MSGSEND = YES;
				ENABLE_TESTABILITY = YES;
				GCC_C_LANGUAGE_STANDARD = gnu11;
				GCC_DYNAMIC_NO_PIC = NO;
				GCC_NO_COMMON_BLOCKS = YES;
				GCC_OPTIMIZATION_LEVEL = 0;
				GCC_PREPROCESSOR_DEFINITIONS = (
					"DEBUG=1",
					"$(inherited)",
				);
				GCC_WARN_64_TO_32_BIT_CONVERSION = YES;
				GCC_WARN_ABOUT_RETURN_TYPE = YES_ERROR;
				GCC_WARN_UNDECLARED_SELECTOR = YES;
				GCC_WARN_UNINITIALIZED_AUTOS = YES_AGGRESSIVE;
				GCC_WARN_UNUSED_FUNCTION = YES;
				GCC_WARN_UNUSED_VARIABLE = YES;
				IPHONEOS_DEPLOYMENT_TARGET = 11.0;
				MTL_ENABLE_DEBUG_INFO = INCLUDE_SOURCE;
				MTL_FAST_MATH = YES;
				ONLY_ACTIVE_ARCH = YES;
				SDKROOT = iphoneos;
				SWIFT_ACTIVE_COMPILATION_CONDITIONS = DEBUG;
				SWIFT_OPTIMIZATION_LEVEL = "-Onone";
			};
			name = Debug;
		};
		9D96754E2333572900710B21 /* Release */ = {
			isa = XCBuildConfiguration;
			buildSettings = {
				ALWAYS_SEARCH_USER_PATHS = NO;
				CLANG_ANALYZER_NONNULL = YES;
				CLANG_ANALYZER_NUMBER_OBJECT_CONVERSION = YES_AGGRESSIVE;
				CLANG_CXX_LANGUAGE_STANDARD = "gnu++14";
				CLANG_CXX_LIBRARY = "libc++";
				CLANG_ENABLE_MODULES = YES;
				CLANG_ENABLE_OBJC_ARC = YES;
				CLANG_ENABLE_OBJC_WEAK = YES;
				CLANG_WARN_BLOCK_CAPTURE_AUTORELEASING = YES;
				CLANG_WARN_BOOL_CONVERSION = YES;
				CLANG_WARN_COMMA = YES;
				CLANG_WARN_CONSTANT_CONVERSION = YES;
				CLANG_WARN_DEPRECATED_OBJC_IMPLEMENTATIONS = YES;
				CLANG_WARN_DIRECT_OBJC_ISA_USAGE = YES_ERROR;
				CLANG_WARN_DOCUMENTATION_COMMENTS = YES;
				CLANG_WARN_EMPTY_BODY = YES;
				CLANG_WARN_ENUM_CONVERSION = YES;
				CLANG_WARN_INFINITE_RECURSION = YES;
				CLANG_WARN_INT_CONVERSION = YES;
				CLANG_WARN_NON_LITERAL_NULL_CONVERSION = YES;
				CLANG_WARN_OBJC_IMPLICIT_RETAIN_SELF = YES;
				CLANG_WARN_OBJC_LITERAL_CONVERSION = YES;
				CLANG_WARN_OBJC_ROOT_CLASS = YES_ERROR;
				CLANG_WARN_RANGE_LOOP_ANALYSIS = YES;
				CLANG_WARN_STRICT_PROTOTYPES = YES;
				CLANG_WARN_SUSPICIOUS_MOVE = YES;
				CLANG_WARN_UNGUARDED_AVAILABILITY = YES_AGGRESSIVE;
				CLANG_WARN_UNREACHABLE_CODE = YES;
				CLANG_WARN__DUPLICATE_METHOD_MATCH = YES;
				CODE_SIGN_IDENTITY = "iPhone Developer";
				COPY_PHASE_STRIP = NO;
				DEBUG_INFORMATION_FORMAT = "dwarf-with-dsym";
				ENABLE_NS_ASSERTIONS = NO;
				ENABLE_STRICT_OBJC_MSGSEND = YES;
				GCC_C_LANGUAGE_STANDARD = gnu11;
				GCC_NO_COMMON_BLOCKS = YES;
				GCC_WARN_64_TO_32_BIT_CONVERSION = YES;
				GCC_WARN_ABOUT_RETURN_TYPE = YES_ERROR;
				GCC_WARN_UNDECLARED_SELECTOR = YES;
				GCC_WARN_UNINITIALIZED_AUTOS = YES_AGGRESSIVE;
				GCC_WARN_UNUSED_FUNCTION = YES;
				GCC_WARN_UNUSED_VARIABLE = YES;
				IPHONEOS_DEPLOYMENT_TARGET = 11.0;
				MTL_ENABLE_DEBUG_INFO = NO;
				MTL_FAST_MATH = YES;
				SDKROOT = iphoneos;
				SWIFT_COMPILATION_MODE = wholemodule;
				SWIFT_OPTIMIZATION_LEVEL = "-O";
				VALIDATE_PRODUCT = YES;
			};
			name = Release;
		};
		9D9675502333572900710B21 /* Debug */ = {
			isa = XCBuildConfiguration;
			baseConfigurationReference = BFDBD5414DB64FD96553041C /* Pods-LibraKit.debug.xcconfig */;
			buildSettings = {
				ASSETCATALOG_COMPILER_APPICON_NAME = AppIcon;
				CODE_SIGN_STYLE = Automatic;
				DEVELOPMENT_TEAM = VRC68UPH8Q;
				INFOPLIST_FILE = LibraKit/Info.plist;
				IPHONEOS_DEPLOYMENT_TARGET = 11.0;
				LD_RUNPATH_SEARCH_PATHS = (
					"$(inherited)",
					"@executable_path/Frameworks",
				);
				PRODUCT_BUNDLE_IDENTIFIER = com.palliums.LibraKit;
				PRODUCT_NAME = "$(TARGET_NAME)";
				SWIFT_VERSION = 5.0;
				TARGETED_DEVICE_FAMILY = 1;
			};
			name = Debug;
		};
		9D9675512333572900710B21 /* Release */ = {
			isa = XCBuildConfiguration;
			baseConfigurationReference = 5E7F0A23CE5B043825A6AC7B /* Pods-LibraKit.release.xcconfig */;
			buildSettings = {
				ASSETCATALOG_COMPILER_APPICON_NAME = AppIcon;
				CODE_SIGN_STYLE = Automatic;
				DEVELOPMENT_TEAM = VRC68UPH8Q;
				INFOPLIST_FILE = LibraKit/Info.plist;
				IPHONEOS_DEPLOYMENT_TARGET = 11.0;
				LD_RUNPATH_SEARCH_PATHS = (
					"$(inherited)",
					"@executable_path/Frameworks",
				);
				PRODUCT_BUNDLE_IDENTIFIER = com.palliums.LibraKit;
				PRODUCT_NAME = "$(TARGET_NAME)";
				SWIFT_VERSION = 5.0;
				TARGETED_DEVICE_FAMILY = 1;
			};
			name = Release;
		};
		9D9675532333572900710B21 /* Debug */ = {
			isa = XCBuildConfiguration;
			baseConfigurationReference = 8D1D3B3D4865B07C327E7293 /* Pods-LibraKitTests.debug.xcconfig */;
			buildSettings = {
				ALWAYS_EMBED_SWIFT_STANDARD_LIBRARIES = YES;
				BUNDLE_LOADER = "$(TEST_HOST)";
				CODE_SIGN_STYLE = Automatic;
				DEVELOPMENT_TEAM = VRC68UPH8Q;
				INFOPLIST_FILE = LibraKitTests/Info.plist;
				LD_RUNPATH_SEARCH_PATHS = (
					"$(inherited)",
					"@executable_path/Frameworks",
					"@loader_path/Frameworks",
				);
				PRODUCT_BUNDLE_IDENTIFIER = com.palliums.LibraKitTests;
				PRODUCT_NAME = "$(TARGET_NAME)";
				SWIFT_VERSION = 5.0;
				TARGETED_DEVICE_FAMILY = "1,2";
				TEST_HOST = "$(BUILT_PRODUCTS_DIR)/LibraKit.app/LibraKit";
			};
			name = Debug;
		};
		9D9675542333572900710B21 /* Release */ = {
			isa = XCBuildConfiguration;
			baseConfigurationReference = 6F440EB88C0B6A4E6BB73459 /* Pods-LibraKitTests.release.xcconfig */;
			buildSettings = {
				ALWAYS_EMBED_SWIFT_STANDARD_LIBRARIES = YES;
				BUNDLE_LOADER = "$(TEST_HOST)";
				CODE_SIGN_STYLE = Automatic;
				DEVELOPMENT_TEAM = VRC68UPH8Q;
				INFOPLIST_FILE = LibraKitTests/Info.plist;
				LD_RUNPATH_SEARCH_PATHS = (
					"$(inherited)",
					"@executable_path/Frameworks",
					"@loader_path/Frameworks",
				);
				PRODUCT_BUNDLE_IDENTIFIER = com.palliums.LibraKitTests;
				PRODUCT_NAME = "$(TARGET_NAME)";
				SWIFT_VERSION = 5.0;
				TARGETED_DEVICE_FAMILY = "1,2";
				TEST_HOST = "$(BUILT_PRODUCTS_DIR)/LibraKit.app/LibraKit";
			};
			name = Release;
		};
		9D9675562333572900710B21 /* Debug */ = {
			isa = XCBuildConfiguration;
			baseConfigurationReference = 64E0ECC2393EE5D8944B3441 /* Pods-LibraKitUITests.debug.xcconfig */;
			buildSettings = {
				ALWAYS_EMBED_SWIFT_STANDARD_LIBRARIES = YES;
				CODE_SIGN_STYLE = Automatic;
				DEVELOPMENT_TEAM = VRC68UPH8Q;
				INFOPLIST_FILE = LibraKitUITests/Info.plist;
				LD_RUNPATH_SEARCH_PATHS = (
					"$(inherited)",
					"@executable_path/Frameworks",
					"@loader_path/Frameworks",
				);
				PRODUCT_BUNDLE_IDENTIFIER = com.palliums.LibraKitUITests;
				PRODUCT_NAME = "$(TARGET_NAME)";
				SWIFT_VERSION = 5.0;
				TARGETED_DEVICE_FAMILY = "1,2";
				TEST_TARGET_NAME = LibraKit;
			};
			name = Debug;
		};
		9D9675572333572900710B21 /* Release */ = {
			isa = XCBuildConfiguration;
			baseConfigurationReference = E16471C42CF8DBA8AB9C981B /* Pods-LibraKitUITests.release.xcconfig */;
			buildSettings = {
				ALWAYS_EMBED_SWIFT_STANDARD_LIBRARIES = YES;
				CODE_SIGN_STYLE = Automatic;
				DEVELOPMENT_TEAM = VRC68UPH8Q;
				INFOPLIST_FILE = LibraKitUITests/Info.plist;
				LD_RUNPATH_SEARCH_PATHS = (
					"$(inherited)",
					"@executable_path/Frameworks",
					"@loader_path/Frameworks",
				);
				PRODUCT_BUNDLE_IDENTIFIER = com.palliums.LibraKitUITests;
				PRODUCT_NAME = "$(TARGET_NAME)";
				SWIFT_VERSION = 5.0;
				TARGETED_DEVICE_FAMILY = "1,2";
				TEST_TARGET_NAME = LibraKit;
			};
			name = Release;
		};
/* End XCBuildConfiguration section */

/* Begin XCConfigurationList section */
		9D9675222333572800710B21 /* Build configuration list for PBXProject "LibraKit" */ = {
			isa = XCConfigurationList;
			buildConfigurations = (
				9D96754D2333572900710B21 /* Debug */,
				9D96754E2333572900710B21 /* Release */,
			);
			defaultConfigurationIsVisible = 0;
			defaultConfigurationName = Release;
		};
		9D96754F2333572900710B21 /* Build configuration list for PBXNativeTarget "LibraKit" */ = {
			isa = XCConfigurationList;
			buildConfigurations = (
				9D9675502333572900710B21 /* Debug */,
				9D9675512333572900710B21 /* Release */,
			);
			defaultConfigurationIsVisible = 0;
			defaultConfigurationName = Release;
		};
		9D9675522333572900710B21 /* Build configuration list for PBXNativeTarget "LibraKitTests" */ = {
			isa = XCConfigurationList;
			buildConfigurations = (
				9D9675532333572900710B21 /* Debug */,
				9D9675542333572900710B21 /* Release */,
			);
			defaultConfigurationIsVisible = 0;
			defaultConfigurationName = Release;
		};
		9D9675552333572900710B21 /* Build configuration list for PBXNativeTarget "LibraKitUITests" */ = {
			isa = XCConfigurationList;
			buildConfigurations = (
				9D9675562333572900710B21 /* Debug */,
				9D9675572333572900710B21 /* Release */,
			);
			defaultConfigurationIsVisible = 0;
			defaultConfigurationName = Release;
		};
/* End XCConfigurationList section */
	};
	rootObject = 9D96751F2333572800710B21 /* Project object */;
}
